github.com/btcsuite/btcd/btcec/v2 v2.2.0 h1:fzn1qaOt32TuLjFlkzYSsBC35Q3KUjT1SwPxiMSCF5k=
github.com/btcsuite/btcd/btcec/v2 v2.2.0/go.mod h1:U7MHm051Al6XmscBQ0BoNydpOTsFAn707034b5nY8zU=
github.com/btcsuite/btcd/chaincfg/chainhash v1.0.1 h1:q0rUy8C/TYNBQS1+CGKw68tLOFYSNEs0TFnxxnS9+4U=
github.com/davecgh/go-spew v1.1.1 h1:vj9j/u1bqnvCEfJOwUhtlOARqs3+rkHYY13jYWTU97c=
github.com/decred/dcrd/crypto/blake256 v1.0.0 h1:/8DMNYp9SGi5f0w7uCm6d6M4OU2rGFK09Y2A4Xv7EE0=
github.com/decred/dcrd/crypto/blake256 v1.0.0/go.mod h1:sQl2p6Y26YV+ZOcSTP6thNdn47hh8kt6rqSlvmrXFAc=
github.com/decred/dcrd/dcrec/secp256k1/v4 v4.0.1 h1:YLtO71vCjJRCBcrPMtQ9nqBsqpA1m5sE92cU+pd5Mcc=
github.com/decred/dcrd/dcrec/secp256k1/v4 v4.0.1/go.mod h1:hyedUtir6IdtD/7lIxGeCxkaw7y45JueMRL4DIyJDKs=
github.com/ethereum/go-ethereum v1.11.6 h1:2VF8Mf7XiSUfmoNOy3D+ocfl9Qu8baQBrCNbo2CXQ8E=
github.com/ethereum/go-ethereum v1.11.6/go.mod h1:+a8pUj1tOyJ2RinsNQD4326YS+leSoKGiG/uVVb0x6Y=
github.com/holiman/uint256 v1.2.2-0.20230321075855-87b91420868c h1:DZfsyhDK1hnSS5lH8l+JggqzEleHteTYfutAiVlSUM8=
github.com/holiman/uint256 v1.2.2-0.20230321075855-87b91420868c/go.mod h1:SC8Ryt4n+UBbPbIBKaG9zbbDlp4jOru9xFZmPzLUTxw=
github.com/skip2/go-qrcode v0.0.0-20200617195104-da1b6568686e h1:MRM5ITcdelLK2j1vwZ3Je0FKVCfqOLp5zO6trqMLYs0=
github.com/skip2/go-qrcode v0.0.0-20200617195104-da1b6568686e/go.mod h1:XV66xRDqSt+GTGFMVlhk3ULuV0y9ZmzeVGR4mloJI3M=
golang.org/x/crypto v0.1.0 h1:MDRAIl0xIo9Io2xV565hzXHw3zVseKrJKodhohM5CjU=
golang.org/x/crypto v0.1.0/go.mod h1:RecgLatLF4+eUMCP1PoPZQb+cVrJcOPbHkTkbkB9sbw=
golang.org/x/sys v0.6.0 h1:MVltZSvRTcU2ljQOhs94SXPftV6DCNnZViHeQps87pQ=
golang.org/x/sys v0.6.0/go.mod h1:oPkhp1MJrh7nUepCBck5+mAzfO9JrbApNNgaTdGDITg=
